
Microsoft Visual Studio Solution File, Format Version 12.00
# Visual Studio 15
VisualStudioVersion = 15.0.28307.168
MinimumVisualStudioVersion = 10.0.40219.1
Project("{9A19103F-16F7-4668-BE54-9A1E7A4F7556}") = "VirtualJobExpert", "VirtualJobExpert\VirtualJobExpert.csproj", "{D9848C4D-6D17-4455-912C-670CA5156ED7}"
EndProject
Project("{00D1A9C2-B5F0-4AF3-8072-F6C62B433612}") = "VirtualJobExpert.Database", "VirtualJobExpert.Database\VirtualJobExpert.Database.sqlproj", "{2639B737-D2CA-439B-9304-05513E02C541}"
EndProject
Project("{FAE04EC0-301F-11D3-BF4B-00C04F79EFBC}") = "VirtualJobExpert.DataModels", "VirtualJobExpert.DataModels\VirtualJobExpert.DataModels.csproj", "{23040335-DCA6-4315-82C5-B792CA1BF938}"
EndProject
Global
	GlobalSection(SolutionConfigurationPlatforms) = preSolution
		Debug|Any CPU = Debug|Any CPU
		Release|Any CPU = Release|Any CPU
	EndGlobalSection
	GlobalSection(ProjectConfigurationPlatforms) = postSolution
		{D9848C4D-6D17-4455-912C-670CA5156ED7}.Debug|Any CPU.ActiveCfg = Debug|Any CPU
		{D9848C4D-6D17-4455-912C-670CA5156ED7}.Debug|Any CPU.Build.0 = Debug|Any CPU
		{D9848C4D-6D17-4455-912C-670CA5156ED7}.Release|Any CPU.ActiveCfg = Release|Any CPU
		{D9848C4D-6D17-4455-912C-670CA5156ED7}.Release|Any CPU.Build.0 = Release|Any CPU
		{2639B737-D2CA-439B-9304-05513E02C541}.Debug|Any CPU.ActiveCfg = Debug|Any CPU
		{2639B737-D2CA-439B-9304-05513E02C541}.Debug|Any CPU.Build.0 = Debug|Any CPU
		{2639B737-D2CA-439B-9304-05513E02C541}.Debug|Any CPU.Deploy.0 = Debug|Any CPU
		{2639B737-D2CA-439B-9304-05513E02C541}.Release|Any CPU.ActiveCfg = Release|Any CPU
		{2639B737-D2CA-439B-9304-05513E02C541}.Release|Any CPU.Build.0 = Release|Any CPU
		{2639B737-D2CA-439B-9304-05513E02C541}.Release|Any CPU.Deploy.0 = Release|Any CPU
		{23040335-DCA6-4315-82C5-B792CA1BF938}.Debug|Any CPU.ActiveCfg = Debug|Any CPU
		{23040335-DCA6-4315-82C5-B792CA1BF938}.Debug|Any CPU.Build.0 = Debug|Any CPU
		{23040335-DCA6-4315-82C5-B792CA1BF938}.Release|Any CPU.ActiveCfg = Release|Any CPU
		{23040335-DCA6-4315-82C5-B792CA1BF938}.Release|Any CPU.Build.0 = Release|Any CPU
	EndGlobalSection
	GlobalSection(SolutionProperties) = preSolution
		HideSolutionNode = FALSE
	EndGlobalSection
	GlobalSection(ExtensibilityGlobals) = postSolution
		SolutionGuid = {62432D8F-E771-4DD2-9F5B-BF19D355AEA4}
	EndGlobalSection
EndGlobal
